lockfileVersion: '9.0'

settings:
  autoInstallPeers: true
  excludeLinksFromLockfile: false

importers:

  .:
    dependencies:
      chalk:
        specifier: ^5.3.0
        version: 5.6.2
      change-case:
        specifier: ^5.4.4
        version: 5.4.4
      meow:
        specifier: ^14.0.0
        version: 14.1.0
      pluralize:
        specifier: ^8.0.0
        version: 8.0.0
    devDependencies:
      '@biomejs/biome':
        specifier: 2.4.10
        version: 2.4.10

packages:

  '@biomejs/biome@2.4.10':
    resolution: {integrity: sha512-xxA3AphFQ1geij4JTHXv4EeSTda1IFn22ye9LdyVPoJU19fNVl0uzfEuhsfQ4Yue/0FaLs2/ccVi4UDiE7R30w==}
    engines: {node: '>=14.21.3'}
    hasBin: true

  '@biomejs/cli-darwin-arm64@2.4.10':
    resolution: {integrity: sha512-vuzzI1cWqDVzOMIkYyHbKqp+AkQq4K7k+UCXWpkYcY/HDn1UxdsbsfgtVpa40shem8Kax4TLDLlx8kMAecgqiw==}
    engines: {node: '>=14.21.3'}
    cpu: [arm64]
    os: [darwin]

  '@biomejs/cli-darwin-x64@2.4.10':
    resolution: {integrity: sha512-14fzASRo+BPotwp7nWULy2W5xeUyFnTaq1V13Etrrxkrih+ez/2QfgFm5Ehtf5vSjtgx/IJycMMpn5kPd5ZNaA==}
    engines: {node: '>=14.21.3'}
    cpu: [x64]
    os: [darwin]

  '@biomejs/cli-linux-arm64-musl@2.4.10':
    resolution: {integrity: sha512-WrJY6UuiSD/Dh+nwK2qOTu8kdMDlLV3dLMmychIghHPAysWFq1/DGC1pVZx8POE3ZkzKR3PUUnVrtZfMfaJjyQ==}
    engines: {node: '>=14.21.3'}
    cpu: [arm64]
    os: [linux]

  '@biomejs/cli-linux-arm64@2.4.10':
    resolution: {integrity: sha512-7MH1CMW5uuxQ/s7FLST63qF8B3Hgu2HRdZ7tA1X1+mk+St4JOuIrqdhIBnnyqeyWJNI+Bww7Es5QZ0wIc1Cmkw==}
    engines: {node: '>=14.21.3'}
    cpu: [arm64]
    os: [linux]

  '@biomejs/cli-linux-x64-musl@2.4.10':
    resolution: {integrity: sha512-kDTi3pI6PBN6CiczsWYOyP2zk0IJI08EWEQyDMQWW221rPaaEz6FvjLhnU07KMzLv8q3qSuoB93ua6inSQ55Tw==}
    engines: {node: '>=14.21.3'}
    cpu: [x64]
    os: [linux]

  '@biomejs/cli-linux-x64@2.4.10':
    resolution: {integrity: sha512-tZLvEEi2u9Xu1zAqRjTcpIDGVtldigVvzug2fTuPG0ME/g8/mXpRPcNgLB22bGn6FvLJpHHnqLnwliOu8xjYrg==}
    engines: {node: '>=14.21.3'}
    cpu: [x64]
    os: [linux]

  '@biomejs/cli-win32-arm64@2.4.10':
    resolution: {integrity: sha512-umwQU6qPzH+ISTf/eHyJ/QoQnJs3V9Vpjz2OjZXe9MVBZ7prgGafMy7yYeRGnlmDAn87AKTF3Q6weLoMGpeqdQ==}
    engines: {node: '>=14.21.3'}
    cpu: [arm64]
    os: [win32]

  '@biomejs/cli-win32-x64@2.4.10':
    resolution: {integrity: sha512-aW/JU5GuyH4uxMrNYpoC2kjaHlyJGLgIa3XkhPEZI0uKhZhJZU8BuEyJmvgzSPQNGozBwWjC972RaNdcJ9KyJg==}
    engines: {node: '>=14.21.3'}
    cpu: [x64]
    os: [win32]

  chalk@5.6.2:
    resolution: {integrity: sha512-7NzBL0rN6fMUW+f7A6Io4h40qQlG+xGmtMxfbnH/K7TAtt8JQWVQK+6g0UXKMeVJoyV5EkkNsErQ8pVD3bLHbA==}
    engines: {node: ^12.17.0 || ^14.13 || >=16.0.0}

  change-case@5.4.4:
    resolution: {integrity: sha512-HRQyTk2/YPEkt9TnUPbOpr64Uw3KOicFWPVBb+xiHvd6eBx/qPr9xqfBFDT8P2vWsvvz4jbEkfDe71W3VyNu2w==}

  meow@14.1.0:
    resolution: {integrity: sha512-EDYo6VlmtnumlcBCbh1gLJ//9jvM/ndXHfVXIFrZVr6fGcwTUyCTFNTLCKuY3ffbK8L/+3Mzqnd58RojiZqHVw==}
    engines: {node: '>=20'}

  pluralize@8.0.0:
    resolution: {integrity: sha512-Nc3IT5yHzflTfbjgqWcCPpo7DaKy4FnpB0l/zCAW0Tc7jxAiuqSxHasntB3D7887LSrA93kDJ9IXovxJYxyLCA==}
    engines: {node: '>=4'}

snapshots:

  '@biomejs/biome@2.4.10':
    optionalDependencies:
      '@biomejs/cli-darwin-arm64': 2.4.10
      '@biomejs/cli-darwin-x64': 2.4.10
      '@biomejs/cli-linux-arm64': 2.4.10
      '@biomejs/cli-linux-arm64-musl': 2.4.10
      '@biomejs/cli-linux-x64': 2.4.10
      '@biomejs/cli-linux-x64-musl': 2.4.10
      '@biomejs/cli-win32-arm64': 2.4.10
      '@biomejs/cli-win32-x64': 2.4.10

  '@biomejs/cli-darwin-arm64@2.4.10':
    optional: true

  '@biomejs/cli-darwin-x64@2.4.10':
    optional: true

  '@biomejs/cli-linux-arm64-musl@2.4.10':
    optional: true

  '@biomejs/cli-linux-arm64@2.4.10':
    optional: true

  '@biomejs/cli-linux-x64-musl@2.4.10':
    optional: true

  '@biomejs/cli-linux-x64@2.4.10':
    optional: true

  '@biomejs/cli-win32-arm64@2.4.10':
    optional: true

  '@biomejs/cli-win32-x64@2.4.10':
    optional: true

  chalk@5.6.2: {}

  change-case@5.4.4: {}

  meow@14.1.0: {}

  pluralize@8.0.0: {}
